// !$*UTF8*$!
{
	archiveVersion = 1;
	classes = {
	};
	objectVersion = 46;
	objects = {

/* Begin PBXBuildFile section */
		A005C450198E3B8400D86CB4 /* AVFoundation.framework in Frameworks */ = {isa = PBXBuildFile; fileRef = A005C44F198E3B8400D86CB4 /* AVFoundation.framework */; };
		A005C452198E3B8C00D86CB4 /* CoreData.framework in Frameworks */ = {isa = PBXBuildFile; fileRef = A005C451198E3B8C00D86CB4 /* CoreData.framework */; };
		A005C454198E3B9200D86CB4 /* CoreLocation.framework in Frameworks */ = {isa = PBXBuildFile; fileRef = A005C453198E3B9200D86CB4 /* CoreLocation.framework */; };
		A005C456198E3BA000D86CB4 /* CoreText.framework in Frameworks */ = {isa = PBXBuildFile; fileRef = A005C455198E3BA000D86CB4 /* CoreText.framework */; };
		A005C458198E3BA600D86CB4 /* GLKit.framework in Frameworks */ = {isa = PBXBuildFile; fileRef = A005C457198E3BA600D86CB4 /* GLKit.framework */; };
		A005C45A198E3BAB00D86CB4 /* ImageIO.framework in Frameworks */ = {isa = PBXBuildFile; fileRef = A005C459198E3BAB00D86CB4 /* ImageIO.framework */; };
		A005C45C198E3BBB00D86CB4 /* libz.dylib in Frameworks */ = {isa = PBXBuildFile; fileRef = A005C45B198E3BBB00D86CB4 /* libz.dylib */; };
		A005C45E198E3BC600D86CB4 /* OpenGLES.framework in Frameworks */ = {isa = PBXBuildFile; fileRef = A005C45D198E3BC600D86CB4 /* OpenGLES.framework */; };
		A005C460198E3BCC00D86CB4 /* QuartzCore.framework in Frameworks */ = {isa = PBXBuildFile; fileRef = A005C45F198E3BCC00D86CB4 /* QuartzCore.framework */; };
		A005C462198E3CD300D86CB4 /* GoogleMaps.framework in Frameworks */ = {isa = PBXBuildFile; fileRef = A005C461198E3CD300D86CB4 /* GoogleMaps.framework */; };
		A005C464198E3E8000D86CB4 /* MapVC.swift in Sources */ = {isa = PBXBuildFile; fileRef = A005C463198E3E8000D86CB4 /* MapVC.swift */; };
		A005C466198E406F00D86CB4 /* GoogleMaps.bundle in Resources */ = {isa = PBXBuildFile; fileRef = A005C465198E406F00D86CB4 /* GoogleMaps.bundle */; };
		A05136B7198DD89000629D16 /* Firebase.framework in Frameworks */ = {isa = PBXBuildFile; fileRef = A05136B6198DD89000629D16 /* Firebase.framework */; };
		A05ADFCE198DEDA0000845AF /* LocationVC.swift in Sources */ = {isa = PBXBuildFile; fileRef = A05ADFCD198DEDA0000845AF /* LocationVC.swift */; };
		A0609BC7198DD1D300323266 /* libicucore.dylib in Frameworks */ = {isa = PBXBuildFile; fileRef = A0609BC6198DD1D300323266 /* libicucore.dylib */; };
		A0609BC9198DD1DE00323266 /* libc++.dylib in Frameworks */ = {isa = PBXBuildFile; fileRef = A0609BC8198DD1DE00323266 /* libc++.dylib */; };
		A0609BCB198DD1EB00323266 /* CFNetwork.framework in Frameworks */ = {isa = PBXBuildFile; fileRef = A0609BCA198DD1EB00323266 /* CFNetwork.framework */; };
		A0609BCD198DD1F300323266 /* Security.framework in Frameworks */ = {isa = PBXBuildFile; fileRef = A0609BCC198DD1F300323266 /* Security.framework */; };
		A0609BCF198DD1FD00323266 /* SystemConfiguration.framework in Frameworks */ = {isa = PBXBuildFile; fileRef = A0609BCE198DD1FD00323266 /* SystemConfiguration.framework */; };
		A0ABA84B198D7FDC004E0E00 /* AppDelegate.swift in Sources */ = {isa = PBXBuildFile; fileRef = A0ABA84A198D7FDC004E0E00 /* AppDelegate.swift */; };
		A0ABA84D198D7FDC004E0E00 /* ViewController.swift in Sources */ = {isa = PBXBuildFile; fileRef = A0ABA84C198D7FDC004E0E00 /* ViewController.swift */; };
		A0ABA850198D7FDD004E0E00 /* Main.storyboard in Resources */ = {isa = PBXBuildFile; fileRef = A0ABA84E198D7FDD004E0E00 /* Main.storyboard */; };
		A0ABA852198D7FDD004E0E00 /* Images.xcassets in Resources */ = {isa = PBXBuildFile; fileRef = A0ABA851198D7FDD004E0E00 /* Images.xcassets */; };
		A0ABA85E198D7FDD004E0E00 /* StreetSmartTests.swift in Sources */ = {isa = PBXBuildFile; fileRef = A0ABA85D198D7FDD004E0E00 /* StreetSmartTests.swift */; };
		A0ABA868198DA0D0004E0E00 /* HomeVC.swift in Sources */ = {isa = PBXBuildFile; fileRef = A0ABA867198DA0CF004E0E00 /* HomeVC.swift */; };
		A0ABA86A198DA269004E0E00 /* LoginVC.swift in Sources */ = {isa = PBXBuildFile; fileRef = A0ABA869198DA269004E0E00 /* LoginVC.swift */; };
		A0EA914D198EC1490049144B /* Address.swift in Sources */ = {isa = PBXBuildFile; fileRef = A0EA914C198EC1490049144B /* Address.swift */; };
/* End PBXBuildFile section */

/* Begin PBXContainerItemProxy section */
		A0ABA858198D7FDD004E0E00 /* PBXContainerItemProxy */ = {
			isa = PBXContainerItemProxy;
			containerPortal = A0ABA83D198D7FDC004E0E00 /* Project object */;
			proxyType = 1;
			remoteGlobalIDString = A0ABA844198D7FDC004E0E00;
			remoteInfo = StreetSmart;
		};
/* End PBXContainerItemProxy section */

/* Begin PBXFileReference section */
		A005C44F198E3B8400D86CB4 /* AVFoundation.framework */ = {isa = PBXFileReference; lastKnownFileType = wrapper.framework; name = AVFoundation.framework; path = System/Library/Frameworks/AVFoundation.framework; sourceTree = SDKROOT; };
		A005C451198E3B8C00D86CB4 /* CoreData.framework */ = {isa = PBXFileReference; lastKnownFileType = wrapper.framework; name = CoreData.framework; path = System/Library/Frameworks/CoreData.framework; sourceTree = SDKROOT; };
		A005C453198E3B9200D86CB4 /* CoreLocation.framework */ = {isa = PBXFileReference; lastKnownFileType = wrapper.framework; name = CoreLocation.framework; path = System/Library/Frameworks/CoreLocation.framework; sourceTree = SDKROOT; };
		A005C455198E3BA000D86CB4 /* CoreText.framework */ = {isa = PBXFileReference; lastKnownFileType = wrapper.framework; name = CoreText.framework; path = System/Library/Frameworks/CoreText.framework; sourceTree = SDKROOT; };
		A005C457198E3BA600D86CB4 /* GLKit.framework */ = {isa = PBXFileReference; lastKnownFileType = wrapper.framework; name = GLKit.framework; path = System/Library/Frameworks/GLKit.framework; sourceTree = SDKROOT; };
		A005C459198E3BAB00D86CB4 /* ImageIO.framework */ = {isa = PBXFileReference; lastKnownFileType = wrapper.framework; name = ImageIO.framework; path = System/Library/Frameworks/ImageIO.framework; sourceTree = SDKROOT; };
		A005C45B198E3BBB00D86CB4 /* libz.dylib */ = {isa = PBXFileReference; lastKnownFileType = "compiled.mach-o.dylib"; name = libz.dylib; path = usr/lib/libz.dylib; sourceTree = SDKROOT; };
		A005C45D198E3BC600D86CB4 /* OpenGLES.framework */ = {isa = PBXFileReference; lastKnownFileType = wrapper.framework; name = OpenGLES.framework; path = System/Library/Frameworks/OpenGLES.framework; sourceTree = SDKROOT; };
		A005C45F198E3BCC00D86CB4 /* QuartzCore.framework */ = {isa = PBXFileReference; lastKnownFileType = wrapper.framework; name = QuartzCore.framework; path = System/Library/Frameworks/QuartzCore.framework; sourceTree = SDKROOT; };
		A005C461198E3CD300D86CB4 /* GoogleMaps.framework */ = {isa = PBXFileReference; lastKnownFileType = wrapper.framework; name = GoogleMaps.framework; path = ../../../../../../Library/Frameworks/GoogleMaps.framework; sourceTree = "<group>"; };
		A005C463198E3E8000D86CB4 /* MapVC.swift */ = {isa = PBXFileReference; fileEncoding = 4; lastKnownFileType = sourcecode.swift; path = MapVC.swift; sourceTree = "<group>"; };
		A005C465198E406F00D86CB4 /* GoogleMaps.bundle */ = {isa = PBXFileReference; lastKnownFileType = "wrapper.plug-in"; name = GoogleMaps.bundle; path = ../../../../../../Library/Frameworks/GoogleMaps.framework/Versions/A/Resources/GoogleMaps.bundle; sourceTree = "<group>"; };
		A05136B6198DD89000629D16 /* Firebase.framework */ = {isa = PBXFileReference; lastKnownFileType = wrapper.framework; name = Firebase.framework; path = ../../../../../../Library/Frameworks/Firebase.framework; sourceTree = "<group>"; };
		A05ADFCD198DEDA0000845AF /* LocationVC.swift */ = {isa = PBXFileReference; fileEncoding = 4; lastKnownFileType = sourcecode.swift; path = LocationVC.swift; sourceTree = "<group>"; };
		A0609BC6198DD1D300323266 /* libicucore.dylib */ = {isa = PBXFileReference; lastKnownFileType = "compiled.mach-o.dylib"; name = libicucore.dylib; path = usr/lib/libicucore.dylib; sourceTree = SDKROOT; };
		A0609BC8198DD1DE00323266 /* libc++.dylib */ = {isa = PBXFileReference; lastKnownFileType = "compiled.mach-o.dylib"; name = "libc++.dylib"; path = "usr/lib/libc++.dylib"; sourceTree = SDKROOT; };
		A0609BCA198DD1EB00323266 /* CFNetwork.framework */ = {isa = PBXFileReference; lastKnownFileType = wrapper.framework; name = CFNetwork.framework; path = System/Library/Frameworks/CFNetwork.framework; sourceTree = SDKROOT; };
		A0609BCC198DD1F300323266 /* Security.framework */ = {isa = PBXFileReference; lastKnownFileType = wrapper.framework; name = Security.framework; path = System/Library/Frameworks/Security.framework; sourceTree = SDKROOT; };
		A0609BCE198DD1FD00323266 /* SystemConfiguration.framework */ = {isa = PBXFileReference; lastKnownFileType = wrapper.framework; name = SystemConfiguration.framework; path = System/Library/Frameworks/SystemConfiguration.framework; sourceTree = SDKROOT; };
		A0ABA845198D7FDC004E0E00 /* StreetSmart.app */ = {isa = PBXFileReference; explicitFileType = wrapper.application; includeInIndex = 0; path = StreetSmart.app; sourceTree = BUILT_PRODUCTS_DIR; };
		A0ABA849198D7FDC004E0E00 /* Info.plist */ = {isa = PBXFileReference; lastKnownFileType = text.plist.xml; path = Info.plist; sourceTree = "<group>"; };
		A0ABA84A198D7FDC004E0E00 /* AppDelegate.swift */ = {isa = PBXFileReference; lastKnownFileType = sourcecode.swift; path = AppDelegate.swift; sourceTree = "<group>"; };
		A0ABA84C198D7FDC004E0E00 /* ViewController.swift */ = {isa = PBXFileReference; lastKnownFileType = sourcecode.swift; path = ViewController.swift; sourceTree = "<group>"; };
		A0ABA84F198D7FDD004E0E00 /* Base */ = {isa = PBXFileReference; lastKnownFileType = file.storyboard; name = Base; path = Base.lproj/Main.storyboard; sourceTree = "<group>"; };
		A0ABA851198D7FDD004E0E00 /* Images.xcassets */ = {isa = PBXFileReference; lastKnownFileType = folder.assetcatalog; path = Images.xcassets; sourceTree = "<group>"; };
		A0ABA857198D7FDD004E0E00 /* StreetSmartTests.xctest */ = {isa = PBXFileReference; explicitFileType = wrapper.cfbundle; includeInIndex = 0; path = StreetSmartTests.xctest; sourceTree = BUILT_PRODUCTS_DIR; };
		A0ABA85C198D7FDD004E0E00 /* Info.plist */ = {isa = PBXFileReference; lastKnownFileType = text.plist.xml; path = Info.plist; sourceTree = "<group>"; };
		A0ABA85D198D7FDD004E0E00 /* StreetSmartTests.swift */ = {isa = PBXFileReference; lastKnownFileType = sourcecode.swift; path = StreetSmartTests.swift; sourceTree = "<group>"; };
		A0ABA867198DA0CF004E0E00 /* HomeVC.swift */ = {isa = PBXFileReference; fileEncoding = 4; lastKnownFileType = sourcecode.swift; path = HomeVC.swift; sourceTree = "<group>"; };
		A0ABA869198DA269004E0E00 /* LoginVC.swift */ = {isa = PBXFileReference; fileEncoding = 4; lastKnownFileType = sourcecode.swift; path = LoginVC.swift; sourceTree = "<group>"; };
		A0ABA870198DB083004E0E00 /* StreetSmart-Bridging-Header.h */ = {isa = PBXFileReference; lastKnownFileType = sourcecode.c.h; path = "StreetSmart-Bridging-Header.h"; sourceTree = "<group>"; };
		A0EA914C198EC1490049144B /* Address.swift */ = {isa = PBXFileReference; fileEncoding = 4; lastKnownFileType = sourcecode.swift; path = Address.swift; sourceTree = "<group>"; };
/* End PBXFileReference section */

/* Begin PBXFrameworksBuildPhase section */
		A0ABA842198D7FDC004E0E00 /* Frameworks */ = {
			isa = PBXFrameworksBuildPhase;
			buildActionMask = 2147483647;
			files = (
				A005C462198E3CD300D86CB4 /* GoogleMaps.framework in Frameworks */,
				A005C460198E3BCC00D86CB4 /* QuartzCore.framework in Frameworks */,
				A005C45E198E3BC600D86CB4 /* OpenGLES.framework in Frameworks */,
				A005C45C198E3BBB00D86CB4 /* libz.dylib in Frameworks */,
				A005C45A198E3BAB00D86CB4 /* ImageIO.framework in Frameworks */,
				A005C458198E3BA600D86CB4 /* GLKit.framework in Frameworks */,
				A005C456198E3BA000D86CB4 /* CoreText.framework in Frameworks */,
				A005C454198E3B9200D86CB4 /* CoreLocation.framework in Frameworks */,
				A005C452198E3B8C00D86CB4 /* CoreData.framework in Frameworks */,
				A005C450198E3B8400D86CB4 /* AVFoundation.framework in Frameworks */,
				A05136B7198DD89000629D16 /* Firebase.framework in Frameworks */,
				A0609BCF198DD1FD00323266 /* SystemConfiguration.framework in Frameworks */,
				A0609BCD198DD1F300323266 /* Security.framework in Frameworks */,
				A0609BCB198DD1EB00323266 /* CFNetwork.framework in Frameworks */,
				A0609BC9198DD1DE00323266 /* libc++.dylib in Frameworks */,
				A0609BC7198DD1D300323266 /* libicucore.dylib in Frameworks */,
			);
			runOnlyForDeploymentPostprocessing = 0;
		};
		A0ABA854198D7FDD004E0E00 /* Frameworks */ = {
			isa = PBXFrameworksBuildPhase;
			buildActionMask = 2147483647;
			files = (
			);
			runOnlyForDeploymentPostprocessing = 0;
		};
/* End PBXFrameworksBuildPhase section */

/* Begin PBXGroup section */
		A0ABA83C198D7FDC004E0E00 = {
			isa = PBXGroup;
			children = (
				A005C465198E406F00D86CB4 /* GoogleMaps.bundle */,
				A005C461198E3CD300D86CB4 /* GoogleMaps.framework */,
				A005C45F198E3BCC00D86CB4 /* QuartzCore.framework */,
				A005C45D198E3BC600D86CB4 /* OpenGLES.framework */,
				A005C45B198E3BBB00D86CB4 /* libz.dylib */,
				A005C459198E3BAB00D86CB4 /* ImageIO.framework */,
				A005C457198E3BA600D86CB4 /* GLKit.framework */,
				A005C455198E3BA000D86CB4 /* CoreText.framework */,
				A005C453198E3B9200D86CB4 /* CoreLocation.framework */,
				A005C451198E3B8C00D86CB4 /* CoreData.framework */,
				A005C44F198E3B8400D86CB4 /* AVFoundation.framework */,
				A05136B6198DD89000629D16 /* Firebase.framework */,
				A0609BCE198DD1FD00323266 /* SystemConfiguration.framework */,
				A0609BCC198DD1F300323266 /* Security.framework */,
				A0609BCA198DD1EB00323266 /* CFNetwork.framework */,
				A0609BC8198DD1DE00323266 /* libc++.dylib */,
				A0609BC6198DD1D300323266 /* libicucore.dylib */,
				A0ABA847198D7FDC004E0E00 /* StreetSmart */,
				A0ABA85A198D7FDD004E0E00 /* StreetSmartTests */,
				A0ABA846198D7FDC004E0E00 /* Products */,
			);
			sourceTree = "<group>";
		};
		A0ABA846198D7FDC004E0E00 /* Products */ = {
			isa = PBXGroup;
			children = (
				A0ABA845198D7FDC004E0E00 /* StreetSmart.app */,
				A0ABA857198D7FDD004E0E00 /* StreetSmartTests.xctest */,
			);
			name = Products;
			sourceTree = "<group>";
		};
		A0ABA847198D7FDC004E0E00 /* StreetSmart */ = {
			isa = PBXGroup;
			children = (
				A0ABA84A198D7FDC004E0E00 /* AppDelegate.swift */,
				A0ABA84C198D7FDC004E0E00 /* ViewController.swift */,
				A0ABA84E198D7FDD004E0E00 /* Main.storyboard */,
				A0ABA851198D7FDD004E0E00 /* Images.xcassets */,
				A0ABA848198D7FDC004E0E00 /* Supporting Files */,
				A0ABA867198DA0CF004E0E00 /* HomeVC.swift */,
				A0ABA869198DA269004E0E00 /* LoginVC.swift */,
				A0ABA870198DB083004E0E00 /* StreetSmart-Bridging-Header.h */,
				A05ADFCD198DEDA0000845AF /* LocationVC.swift */,
				A005C463198E3E8000D86CB4 /* MapVC.swift */,
				A0EA914C198EC1490049144B /* Address.swift */,
			);
			path = StreetSmart;
			sourceTree = "<group>";
		};
		A0ABA848198D7FDC004E0E00 /* Supporting Files */ = {
			isa = PBXGroup;
			children = (
				A0ABA849198D7FDC004E0E00 /* Info.plist */,
			);
			name = "Supporting Files";
			sourceTree = "<group>";
		};
		A0ABA85A198D7FDD004E0E00 /* StreetSmartTests */ = {
			isa = PBXGroup;
			children = (
				A0ABA85D198D7FDD004E0E00 /* StreetSmartTests.swift */,
				A0ABA85B198D7FDD004E0E00 /* Supporting Files */,
			);
			path = StreetSmartTests;
			sourceTree = "<group>";
		};
		A0ABA85B198D7FDD004E0E00 /* Supporting Files */ = {
			isa = PBXGroup;
			children = (
				A0ABA85C198D7FDD004E0E00 /* Info.plist */,
			);
			name = "Supporting Files";
			sourceTree = "<group>";
		};
/* End PBXGroup section */

/* Begin PBXNativeTarget section */
		A0ABA844198D7FDC004E0E00 /* StreetSmart */ = {
			isa = PBXNativeTarget;
			buildConfigurationList = A0ABA861198D7FDD004E0E00 /* Build configuration list for PBXNativeTarget "StreetSmart" */;
			buildPhases = (
				A0ABA841198D7FDC004E0E00 /* Sources */,
				A0ABA842198D7FDC004E0E00 /* Frameworks */,
				A0ABA843198D7FDC004E0E00 /* Resources */,
			);
			buildRules = (
			);
			dependencies = (
			);
			name = StreetSmart;
			productName = StreetSmart;
			productReference = A0ABA845198D7FDC004E0E00 /* StreetSmart.app */;
			productType = "com.apple.product-type.application";
		};
		A0ABA856198D7FDD004E0E00 /* StreetSmartTests */ = {
			isa = PBXNativeTarget;
			buildConfigurationList = A0ABA864198D7FDD004E0E00 /* Build configuration list for PBXNativeTarget "StreetSmartTests" */;
			buildPhases = (
				A0ABA853198D7FDD004E0E00 /* Sources */,
				A0ABA854198D7FDD004E0E00 /* Frameworks */,
				A0ABA855198D7FDD004E0E00 /* Resources */,
			);
			buildRules = (
			);
			dependencies = (
				A0ABA859198D7FDD004E0E00 /* PBXTargetDependency */,
			);
			name = StreetSmartTests;
			productName = StreetSmartTests;
			productReference = A0ABA857198D7FDD004E0E00 /* StreetSmartTests.xctest */;
			productType = "com.apple.product-type.bundle.unit-test";
		};
/* End PBXNativeTarget section */

/* Begin PBXProject section */
		A0ABA83D198D7FDC004E0E00 /* Project object */ = {
			isa = PBXProject;
			attributes = {
				LastUpgradeCheck = 0600;
				ORGANIZATIONNAME = aheifetz;
				TargetAttributes = {
					A0ABA844198D7FDC004E0E00 = {
						CreatedOnToolsVersion = 6.0;
						DevelopmentTeam = HAS63Y5J2V;
					};
					A0ABA856198D7FDD004E0E00 = {
						CreatedOnToolsVersion = 6.0;
						TestTargetID = A0ABA844198D7FDC004E0E00;
					};
				};
			};
			buildConfigurationList = A0ABA840198D7FDC004E0E00 /* Build configuration list for PBXProject "StreetSmart" */;
			compatibilityVersion = "Xcode 3.2";
			developmentRegion = English;
			hasScannedForEncodings = 0;
			knownRegions = (
				en,
				Base,
			);
			mainGroup = A0ABA83C198D7FDC004E0E00;
			productRefGroup = A0ABA846198D7FDC004E0E00 /* Products */;
			projectDirPath = "";
			projectRoot = "";
			targets = (
				A0ABA844198D7FDC004E0E00 /* StreetSmart */,
				A0ABA856198D7FDD004E0E00 /* StreetSmartTests */,
			);
		};
/* End PBXProject section */

/* Begin PBXResourcesBuildPhase section */
		A0ABA843198D7FDC004E0E00 /* Resources */ = {
			isa = PBXResourcesBuildPhase;
			buildActionMask = 2147483647;
			files = (
				A005C466198E406F00D86CB4 /* GoogleMaps.bundle in Resources */,
				A0ABA850198D7FDD004E0E00 /* Main.storyboard in Resources */,
				A0ABA852198D7FDD004E0E00 /* Images.xcassets in Resources */,
			);
			runOnlyForDeploymentPostprocessing = 0;
		};
		A0ABA855198D7FDD004E0E00 /* Resources */ = {
			isa = PBXResourcesBuildPhase;
			buildActionMask = 2147483647;
			files = (
			);
			runOnlyForDeploymentPostprocessing = 0;
		};
/* End PBXResourcesBuildPhase section */

/* Begin PBXSourcesBuildPhase section */
		A0ABA841198D7FDC004E0E00 /* Sources */ = {
			isa = PBXSourcesBuildPhase;
			buildActionMask = 2147483647;
			files = (
				A05ADFCE198DEDA0000845AF /* LocationVC.swift in Sources */,
				A005C464198E3E8000D86CB4 /* MapVC.swift in Sources */,
				A0ABA868198DA0D0004E0E00 /* HomeVC.swift in Sources */,
				A0ABA84D198D7FDC004E0E00 /* ViewController.swift in Sources */,
				A0ABA86A198DA269004E0E00 /* LoginVC.swift in Sources */,
				A0ABA84B198D7FDC004E0E00 /* AppDelegate.swift in Sources */,
				A0EA914D198EC1490049144B /* Address.swift in Sources */,
			);
			runOnlyForDeploymentPostprocessing = 0;
		};
		A0ABA853198D7FDD004E0E00 /* Sources */ = {
			isa = PBXSourcesBuildPhase;
			buildActionMask = 2147483647;
			files = (
				A0ABA85E198D7FDD004E0E00 /* StreetSmartTests.swift in Sources */,
			);
			runOnlyForDeploymentPostprocessing = 0;
		};
/* End PBXSourcesBuildPhase section */

/* Begin PBXTargetDependency section */
		A0ABA859198D7FDD004E0E00 /* PBXTargetDependency */ = {
			isa = PBXTargetDependency;
			target = A0ABA844198D7FDC004E0E00 /* StreetSmart */;
			targetProxy = A0ABA858198D7FDD004E0E00 /* PBXContainerItemProxy */;
		};
/* End PBXTargetDependency section */

/* Begin PBXVariantGroup section */
		A0ABA84E198D7FDD004E0E00 /* Main.storyboard */ = {
			isa = PBXVariantGroup;
			children = (
				A0ABA84F198D7FDD004E0E00 /* Base */,
			);
			name = Main.storyboard;
			sourceTree = "<group>";
		};
/* End PBXVariantGroup section */

/* Begin XCBuildConfiguration section */
		A0ABA85F198D7FDD004E0E00 /* Debug */ = {
			isa = XCBuildConfiguration;
			buildSettings = {
				ALWAYS_SEARCH_USER_PATHS = NO;
				CLANG_CXX_LANGUAGE_STANDARD = "gnu++0x";
				CLANG_CXX_LIBRARY = "libc++";
				CLANG_ENABLE_MODULES = YES;
				CLANG_ENABLE_OBJC_ARC = YES;
				CLANG_WARN_BOOL_CONVERSION = YES;
				CLANG_WARN_CONSTANT_CONVERSION = YES;
				CLANG_WARN_DIRECT_OBJC_ISA_USAGE = YES_ERROR;
				CLANG_WARN_EMPTY_BODY = YES;
				CLANG_WARN_ENUM_CONVERSION = YES;
				CLANG_WARN_INT_CONVERSION = YES;
				CLANG_WARN_OBJC_ROOT_CLASS = YES_ERROR;
				CLANG_WARN_UNREACHABLE_CODE = YES;
				CLANG_WARN__DUPLICATE_METHOD_MATCH = YES;
				"CODE_SIGN_IDENTITY[sdk=iphoneos*]" = "iPhone Developer";
				COPY_PHASE_STRIP = NO;
				ENABLE_STRICT_OBJC_MSGSEND = YES;
				GCC_C_LANGUAGE_STANDARD = gnu99;
				GCC_DYNAMIC_NO_PIC = NO;
				GCC_OPTIMIZATION_LEVEL = 0;
				GCC_PREPROCESSOR_DEFINITIONS = (
					"DEBUG=1",
					"$(inherited)",
				);
				GCC_SYMBOLS_PRIVATE_EXTERN = NO;
				GCC_WARN_64_TO_32_BIT_CONVERSION = YES;
				GCC_WARN_ABOUT_RETURN_TYPE = YES_ERROR;
				GCC_WARN_UNDECLARED_SELECTOR = YES;
				GCC_WARN_UNINITIALIZED_AUTOS = YES_AGGRESSIVE;
				GCC_WARN_UNUSED_FUNCTION = YES;
				GCC_WARN_UNUSED_VARIABLE = YES;
				IPHONEOS_DEPLOYMENT_TARGET = 8.0;
				MTL_ENABLE_DEBUG_INFO = YES;
				ONLY_ACTIVE_ARCH = YES;
				SDKROOT = iphoneos;
				SWIFT_OPTIMIZATION_LEVEL = "-Onone";
			};
			name = Debug;
		};
		A0ABA860198D7FDD004E0E00 /* Release */ = {
			isa = XCBuildConfiguration;
			buildSettings = {
				ALWAYS_SEARCH_USER_PATHS = NO;
				CLANG_CXX_LANGUAGE_STANDARD = "gnu++0x";
				CLANG_CXX_LIBRARY = "libc++";
				CLANG_ENABLE_MODULES = YES;
				CLANG_ENABLE_OBJC_ARC = YES;
				CLANG_WARN_BOOL_CONVERSION = YES;
				CLANG_WARN_CONSTANT_CONVERSION = YES;
				CLANG_WARN_DIRECT_OBJC_ISA_USAGE = YES_ERROR;
				CLANG_WARN_EMPTY_BODY = YES;
				CLANG_WARN_ENUM_CONVERSION = YES;
				CLANG_WARN_INT_CONVERSION = YES;
				CLANG_WARN_OBJC_ROOT_CLASS = YES_ERROR;
				CLANG_WARN_UNREACHABLE_CODE = YES;
				CLANG_WARN__DUPLICATE_METHOD_MATCH = YES;
				"CODE_SIGN_IDENTITY[sdk=iphoneos*]" = "iPhone Developer";
				COPY_PHASE_STRIP = YES;
				ENABLE_NS_ASSERTIONS = NO;
				ENABLE_STRICT_OBJC_MSGSEND = YES;
				GCC_C_LANGUAGE_STANDARD = gnu99;
				GCC_WARN_64_TO_32_BIT_CONVERSION = YES;
				GCC_WARN_ABOUT_RETURN_TYPE = YES_ERROR;
				GCC_WARN_UNDECLARED_SELECTOR = YES;
				GCC_WARN_UNINITIALIZED_AUTOS = YES_AGGRESSIVE;
				GCC_WARN_UNUSED_FUNCTION = YES;
				GCC_WARN_UNUSED_VARIABLE = YES;
				IPHONEOS_DEPLOYMENT_TARGET = 8.0;
				MTL_ENABLE_DEBUG_INFO = NO;
				SDKROOT = iphoneos;
				VALIDATE_PRODUCT = YES;
			};
			name = Release;
		};
		A0ABA862198D7FDD004E0E00 /* Debug */ = {
			isa = XCBuildConfiguration;
			buildSettings = {
				ASSETCATALOG_COMPILER_APPICON_NAME = AppIcon;
				ASSETCATALOG_COMPILER_LAUNCHIMAGE_NAME = LaunchImage;
				CLANG_ENABLE_MODULES = YES;
				CODE_SIGN_IDENTITY = "iPhone Developer";
				"CODE_SIGN_IDENTITY[sdk=iphoneos*]" = "iPhone Developer";
				FRAMEWORK_SEARCH_PATHS = (
					"$(inherited)",
					"$(LOCAL_LIBRARY_DIR)/Frameworks",
				);
				INFOPLIST_FILE = StreetSmart/Info.plist;
				IPHONEOS_DEPLOYMENT_TARGET = 7.1;
				LD_RUNPATH_SEARCH_PATHS = "$(inherited) @executable_path/Frameworks";
				OTHER_LDFLAGS = "-ObjC";
				PRODUCT_NAME = "$(TARGET_NAME)";
				PROVISIONING_PROFILE = "";
				SWIFT_OBJC_BRIDGING_HEADER = "StreetSmart/StreetSmart-Bridging-Header.h";
				SWIFT_OPTIMIZATION_LEVEL = "-Onone";
				TARGETED_DEVICE_FAMILY = 1;
			};
			name = Debug;
		};
		A0ABA863198D7FDD004E0E00 /* Release */ = {
			isa = XCBuildConfiguration;
			buildSettings = {
				ASSETCATALOG_COMPILER_APPICON_NAME = AppIcon;
				ASSETCATALOG_COMPILER_LAUNCHIMAGE_NAME = LaunchImage;
				CLANG_ENABLE_MODULES = YES;
				CODE_SIGN_IDENTITY = "iPhone Developer";
				"CODE_SIGN_IDENTITY[sdk=iphoneos*]" = "iPhone Developer";
				FRAMEWORK_SEARCH_PATHS = (
					"$(inherited)",
					"$(LOCAL_LIBRARY_DIR)/Frameworks",
				);
				INFOPLIST_FILE = StreetSmart/Info.plist;
				IPHONEOS_DEPLOYMENT_TARGET = 7.1;
				LD_RUNPATH_SEARCH_PATHS = "$(inherited) @executable_path/Frameworks";
				OTHER_LDFLAGS = "-ObjC";
				PRODUCT_NAME = "$(TARGET_NAME)";
				PROVISIONING_PROFILE = "";
				SWIFT_OBJC_BRIDGING_HEADER = "StreetSmart/StreetSmart-Bridging-Header.h";
				TARGETED_DEVICE_FAMILY = 1;
			};
			name = Release;
		};
		A0ABA865198D7FDD004E0E00 /* Debug */ = {
			isa = XCBuildConfiguration;
			buildSettings = {
				BUNDLE_LOADER = "$(BUILT_PRODUCTS_DIR)/StreetSmart.app/StreetSmart";
				FRAMEWORK_SEARCH_PATHS = (
					"$(SDKROOT)/Developer/Library/Frameworks",
					"$(inherited)",
				);
				GCC_PREPROCESSOR_DEFINITIONS = (
					"DEBUG=1",
					"$(inherited)",
				);
				INFOPLIST_FILE = StreetSmartTests/Info.plist;
				LD_RUNPATH_SEARCH_PATHS = "$(inherited) @executable_path/Frameworks @loader_path/Frameworks";
				PRODUCT_NAME = "$(TARGET_NAME)";
				TEST_HOST = "$(BUNDLE_LOADER)";
			};
			name = Debug;
		};
		A0ABA866198D7FDD004E0E00 /* Release */ = {
			isa = XCBuildConfiguration;
			buildSettings = {
				BUNDLE_LOADER = "$(BUILT_PRODUCTS_DIR)/StreetSmart.app/StreetSmart";
				FRAMEWORK_SEARCH_PATHS = (
					"$(SDKROOT)/Developer/Library/Frameworks",
					"$(inherited)",
				);
				INFOPLIST_FILE = StreetSmartTests/Info.plist;
				LD_RUNPATH_SEARCH_PATHS = "$(inherited) @executable_path/Frameworks @loader_path/Frameworks";
				PRODUCT_NAME = "$(TARGET_NAME)";
				TEST_HOST = "$(BUNDLE_LOADER)";
			};
			name = Release;
		};
/* End XCBuildConfiguration section */

/* Begin XCConfigurationList section */
		A0ABA840198D7FDC004E0E00 /* Build configuration list for PBXProject "StreetSmart" */ = {
			isa = XCConfigurationList;
			buildConfigurations = (
				A0ABA85F198D7FDD004E0E00 /* Debug */,
				A0ABA860198D7FDD004E0E00 /* Release */,
			);
			defaultConfigurationIsVisible = 0;
			defaultConfigurationName = Release;
		};
		A0ABA861198D7FDD004E0E00 /* Build configuration list for PBXNativeTarget "StreetSmart" */ = {
			isa = XCConfigurationList;
			buildConfigurations = (
				A0ABA862198D7FDD004E0E00 /* Debug */,
				A0ABA863198D7FDD004E0E00 /* Release */,
			);
			defaultConfigurationIsVisible = 0;
			defaultConfigurationName = Release;
		};
		A0ABA864198D7FDD004E0E00 /* Build configuration list for PBXNativeTarget "StreetSmartTests" */ = {
			isa = XCConfigurationList;
			buildConfigurations = (
				A0ABA865198D7FDD004E0E00 /* Debug */,
				A0ABA866198D7FDD004E0E00 /* Release */,
			);
			defaultConfigurationIsVisible = 0;
			defaultConfigurationName = Release;
		};
/* End XCConfigurationList section */
	};
	rootObject = A0ABA83D198D7FDC004E0E00 /* Project object */;
}
